// !$*UTF8*$!
{
	archiveVersion = 1;
	classes = {
	};
	objectVersion = 60;
	objects = {

/* Begin PBXBuildFile section */
		F7240E172C39BE19002CFF9F /* SampleApp.swift in Sources */ = {isa = PBXBuildFile; fileRef = F7240E162C39BE19002CFF9F /* SampleApp.swift */; };
		F7240E192C39BE19002CFF9F /* ContentView.swift in Sources */ = {isa = PBXBuildFile; fileRef = F7240E182C39BE19002CFF9F /* ContentView.swift */; };
		F7240E1B2C39BE1B002CFF9F /* Assets.xcassets in Resources */ = {isa = PBXBuildFile; fileRef = F7240E1A2C39BE1B002CFF9F /* Assets.xcassets */; };
		F7240E1F2C39BE1B002CFF9F /* Preview Assets.xcassets in Resources */ = {isa = PBXBuildFile; fileRef = F7240E1E2C39BE1B002CFF9F /* Preview Assets.xcassets */; };
		F79432E62C3C455700329C86 /* PrivacyInfo.xcprivacy in Resources */ = {isa = PBXBuildFile; fileRef = F79432E52C3C455700329C86 /* PrivacyInfo.xcprivacy */; };
		F79432F82C3C589D00329C86 /* Sample for watchOS Watch App.app in Embed Watch Content */ = {isa = PBXBuildFile; fileRef = F79432EB2C3C589C00329C86 /* Sample for watchOS Watch App.app */; platformFilter = ios; settings = {ATTRIBUTES = (RemoveHeadersOnCopy, ); }; };
		F79432FD2C3C58E900329C86 /* ContentView.swift in Sources */ = {isa = PBXBuildFile; fileRef = F7240E182C39BE19002CFF9F /* ContentView.swift */; };
		F79432FE2C3C58E900329C86 /* SettingsObject.swift in Sources */ = {isa = PBXBuildFile; fileRef = F798E1342C39CA1B007B276B /* SettingsObject.swift */; };
		F79432FF2C3C591400329C86 /* SampleApp.swift in Sources */ = {isa = PBXBuildFile; fileRef = F7240E162C39BE19002CFF9F /* SampleApp.swift */; };
		F79433002C3C59C700329C86 /* Assets.xcassets in Resources */ = {isa = PBXBuildFile; fileRef = F7240E1A2C39BE1B002CFF9F /* Assets.xcassets */; };
		F79433022C3C59FB00329C86 /* SwiftStorage in Frameworks */ = {isa = PBXBuildFile; productRef = F79433012C3C59FB00329C86 /* SwiftStorage */; };
		F798E1352C39CA1E007B276B /* SettingsObject.swift in Sources */ = {isa = PBXBuildFile; fileRef = F798E1342C39CA1B007B276B /* SettingsObject.swift */; };
		F798E1382C39CA2C007B276B /* SwiftStorage in Frameworks */ = {isa = PBXBuildFile; productRef = F798E1372C39CA2C007B276B /* SwiftStorage */; };
/* End PBXBuildFile section */

/* Begin PBXContainerItemProxy section */
		F79432F62C3C589D00329C86 /* PBXContainerItemProxy */ = {
			isa = PBXContainerItemProxy;
			containerPortal = F7240E0B2C39BE19002CFF9F /* Project object */;
			proxyType = 1;
			remoteGlobalIDString = F79432EA2C3C589C00329C86;
			remoteInfo = "Sample for watchOS Watch App";
		};
/* End PBXContainerItemProxy section */

/* Begin PBXCopyFilesBuildPhase section */
		F79432FC2C3C589D00329C86 /* Embed Watch Content */ = {
			isa = PBXCopyFilesBuildPhase;
			buildActionMask = 2147483647;
			dstPath = "$(CONTENTS_FOLDER_PATH)/Watch";
			dstSubfolderSpec = 16;
			files = (
				F79432F82C3C589D00329C86 /* Sample for watchOS Watch App.app in Embed Watch Content */,
			);
			name = "Embed Watch Content";
			runOnlyForDeploymentPostprocessing = 0;
		};
/* End PBXCopyFilesBuildPhase section */

/* Begin PBXFileReference section */
		F7240E132C39BE19002CFF9F /* Sample.app */ = {isa = PBXFileReference; explicitFileType = wrapper.application; includeInIndex = 0; path = Sample.app; sourceTree = BUILT_PRODUCTS_DIR; };
		F7240E162C39BE19002CFF9F /* SampleApp.swift */ = {isa = PBXFileReference; lastKnownFileType = sourcecode.swift; path = SampleApp.swift; sourceTree = "<group>"; };
		F7240E182C39BE19002CFF9F /* ContentView.swift */ = {isa = PBXFileReference; lastKnownFileType = sourcecode.swift; path = ContentView.swift; sourceTree = "<group>"; };
		F7240E1A2C39BE1B002CFF9F /* Assets.xcassets */ = {isa = PBXFileReference; lastKnownFileType = folder.assetcatalog; path = Assets.xcassets; sourceTree = "<group>"; };
		F7240E1C2C39BE1B002CFF9F /* Sample.entitlements */ = {isa = PBXFileReference; lastKnownFileType = text.plist.entitlements; path = Sample.entitlements; sourceTree = "<group>"; };
		F7240E1E2C39BE1B002CFF9F /* Preview Assets.xcassets */ = {isa = PBXFileReference; lastKnownFileType = folder.assetcatalog; path = "Preview Assets.xcassets"; sourceTree = "<group>"; };
		F79432E52C3C455700329C86 /* PrivacyInfo.xcprivacy */ = {isa = PBXFileReference; lastKnownFileType = text.xml; path = PrivacyInfo.xcprivacy; sourceTree = "<group>"; };
		F79432EB2C3C589C00329C86 /* Sample for watchOS Watch App.app */ = {isa = PBXFileReference; explicitFileType = wrapper.application; includeInIndex = 0; path = "Sample for watchOS Watch App.app"; sourceTree = BUILT_PRODUCTS_DIR; };
		F798E1342C39CA1B007B276B /* SettingsObject.swift */ = {isa = PBXFileReference; lastKnownFileType = sourcecode.swift; path = SettingsObject.swift; sourceTree = "<group>"; };
/* End PBXFileReference section */

/* Begin PBXFrameworksBuildPhase section */
		F7240E102C39BE19002CFF9F /* Frameworks */ = {
			isa = PBXFrameworksBuildPhase;
			buildActionMask = 2147483647;
			files = (
				F798E1382C39CA2C007B276B /* SwiftStorage in Frameworks */,
			);
			runOnlyForDeploymentPostprocessing = 0;
		};
		F79432E82C3C589C00329C86 /* Frameworks */ = {
			isa = PBXFrameworksBuildPhase;
			buildActionMask = 2147483647;
			files = (
				F79433022C3C59FB00329C86 /* SwiftStorage in Frameworks */,
			);
			runOnlyForDeploymentPostprocessing = 0;
		};
/* End PBXFrameworksBuildPhase section */

/* Begin PBXGroup section */
		F7240E0A2C39BE19002CFF9F = {
			isa = PBXGroup;
			children = (
				F7240E152C39BE19002CFF9F /* Sample */,
				F7240E142C39BE19002CFF9F /* Products */,
				F798E1362C39CA2C007B276B /* Frameworks */,
			);
			sourceTree = "<group>";
		};
		F7240E142C39BE19002CFF9F /* Products */ = {
			isa = PBXGroup;
			children = (
				F7240E132C39BE19002CFF9F /* Sample.app */,
				F79432EB2C3C589C00329C86 /* Sample for watchOS Watch App.app */,
			);
			name = Products;
			sourceTree = "<group>";
		};
		F7240E152C39BE19002CFF9F /* Sample */ = {
			isa = PBXGroup;
			children = (
				F7240E162C39BE19002CFF9F /* SampleApp.swift */,
				F7240E182C39BE19002CFF9F /* ContentView.swift */,
				F798E1342C39CA1B007B276B /* SettingsObject.swift */,
				F7240E1A2C39BE1B002CFF9F /* Assets.xcassets */,
				F79432E52C3C455700329C86 /* PrivacyInfo.xcprivacy */,
				F7240E1C2C39BE1B002CFF9F /* Sample.entitlements */,
				F7240E1D2C39BE1B002CFF9F /* Preview Content */,
			);
			path = Sample;
			sourceTree = "<group>";
		};
		F7240E1D2C39BE1B002CFF9F /* Preview Content */ = {
			isa = PBXGroup;
			children = (
				F7240E1E2C39BE1B002CFF9F /* Preview Assets.xcassets */,
			);
			path = "Preview Content";
			sourceTree = "<group>";
		};
		F798E1362C39CA2C007B276B /* Frameworks */ = {
			isa = PBXGroup;
			children = (
			);
			name = Frameworks;
			sourceTree = "<group>";
		};
/* End PBXGroup section */

/* Begin PBXNativeTarget section */
		F7240E122C39BE19002CFF9F /* Sample */ = {
			isa = PBXNativeTarget;
			buildConfigurationList = F7240E222C39BE1B002CFF9F /* Build configuration list for PBXNativeTarget "Sample" */;
			buildPhases = (
				F7240E0F2C39BE19002CFF9F /* Sources */,
				F7240E102C39BE19002CFF9F /* Frameworks */,
				F7240E112C39BE19002CFF9F /* Resources */,
				F79432FC2C3C589D00329C86 /* Embed Watch Content */,
			);
			buildRules = (
			);
			dependencies = (
				F79432F72C3C589D00329C86 /* PBXTargetDependency */,
			);
			name = Sample;
			packageProductDependencies = (
				F798E1372C39CA2C007B276B /* SwiftStorage */,
			);
			productName = Sample;
			productReference = F7240E132C39BE19002CFF9F /* Sample.app */;
			productType = "com.apple.product-type.application";
		};
		F79432EA2C3C589C00329C86 /* Sample for watchOS Watch App */ = {
			isa = PBXNativeTarget;
			buildConfigurationList = F79432F92C3C589D00329C86 /* Build configuration list for PBXNativeTarget "Sample for watchOS Watch App" */;
			buildPhases = (
				F79432E72C3C589C00329C86 /* Sources */,
				F79432E82C3C589C00329C86 /* Frameworks */,
				F79432E92C3C589C00329C86 /* Resources */,
			);
			buildRules = (
			);
			dependencies = (
			);
			name = "Sample for watchOS Watch App";
			packageProductDependencies = (
				F79433012C3C59FB00329C86 /* SwiftStorage */,
			);
			productName = "Sample for watchOS Watch App";
			productReference = F79432EB2C3C589C00329C86 /* Sample for watchOS Watch App.app */;
			productType = "com.apple.product-type.application";
		};
/* End PBXNativeTarget section */

/* Begin PBXProject section */
		F7240E0B2C39BE19002CFF9F /* Project object */ = {
			isa = PBXProject;
			attributes = {
				BuildIndependentTargetsInParallel = 1;
				LastSwiftUpdateCheck = 1600;
				LastUpgradeCheck = 1600;
				TargetAttributes = {
					F7240E122C39BE19002CFF9F = {
						CreatedOnToolsVersion = 16.0;
					};
					F79432EA2C3C589C00329C86 = {
						CreatedOnToolsVersion = 16.0;
					};
				};
			};
			buildConfigurationList = F7240E0E2C39BE19002CFF9F /* Build configuration list for PBXProject "Sample" */;
			compatibilityVersion = "Xcode 15.0";
			developmentRegion = en;
			hasScannedForEncodings = 0;
			knownRegions = (
				en,
				Base,
			);
			mainGroup = F7240E0A2C39BE19002CFF9F;
			productRefGroup = F7240E142C39BE19002CFF9F /* Products */;
			projectDirPath = "";
			projectRoot = "";
			targets = (
				F7240E122C39BE19002CFF9F /* Sample */,
				F79432EA2C3C589C00329C86 /* Sample for watchOS Watch App */,
			);
		};
/* End PBXProject section */

/* Begin PBXResourcesBuildPhase section */
		F7240E112C39BE19002CFF9F /* Resources */ = {
			isa = PBXResourcesBuildPhase;
			buildActionMask = 2147483647;
			files = (
				F79432E62C3C455700329C86 /* PrivacyInfo.xcprivacy in Resources */,
				F7240E1F2C39BE1B002CFF9F /* Preview Assets.xcassets in Resources */,
				F7240E1B2C39BE1B002CFF9F /* Assets.xcassets in Resources */,
			);
			runOnlyForDeploymentPostprocessing = 0;
		};
		F79432E92C3C589C00329C86 /* Resources */ = {
			isa = PBXResourcesBuildPhase;
			buildActionMask = 2147483647;
			files = (
				F79433002C3C59C700329C86 /* Assets.xcassets in Resources */,
			);
			runOnlyForDeploymentPostprocessing = 0;
		};
/* End PBXResourcesBuildPhase section */

/* Begin PBXSourcesBuildPhase section */
		F7240E0F2C39BE19002CFF9F /* Sources */ = {
			isa = PBXSourcesBuildPhase;
			buildActionMask = 2147483647;
			files = (
				F7240E192C39BE19002CFF9F /* ContentView.swift in Sources */,
				F7240E172C39BE19002CFF9F /* SampleApp.swift in Sources */,
				F798E1352C39CA1E007B276B /* SettingsObject.swift in Sources */,
			);
			runOnlyForDeploymentPostprocessing = 0;
		};
		F79432E72C3C589C00329C86 /* Sources */ = {
			isa = PBXSourcesBuildPhase;
			buildActionMask = 2147483647;
			files = (
				F79432FF2C3C591400329C86 /* SampleApp.swift in Sources */,
				F79432FD2C3C58E900329C86 /* ContentView.swift in Sources */,
				F79432FE2C3C58E900329C86 /* SettingsObject.swift in Sources */,
			);
			runOnlyForDeploymentPostprocessing = 0;
		};
/* End PBXSourcesBuildPhase section */

/* Begin PBXTargetDependency section */
		F79432F72C3C589D00329C86 /* PBXTargetDependency */ = {
			isa = PBXTargetDependency;
			platformFilter = ios;
			target = F79432EA2C3C589C00329C86 /* Sample for watchOS Watch App */;
			targetProxy = F79432F62C3C589D00329C86 /* PBXContainerItemProxy */;
		};
/* End PBXTargetDependency section */

/* Begin XCBuildConfiguration section */
		F7240E202C39BE1B002CFF9F /* Debug */ = {
			isa = XCBuildConfiguration;
			buildSettings = {
				ALWAYS_SEARCH_USER_PATHS = NO;
				ASSETCATALOG_COMPILER_GENERATE_SWIFT_ASSET_SYMBOL_EXTENSIONS = YES;
				CLANG_ANALYZER_NONNULL = YES;
				CLANG_ANALYZER_NUMBER_OBJECT_CONVERSION = YES_AGGRESSIVE;
				CLANG_CXX_LANGUAGE_STANDARD = "gnu++20";
				CLANG_ENABLE_MODULES = YES;
				CLANG_ENABLE_OBJC_ARC = YES;
				CLANG_ENABLE_OBJC_WEAK = YES;
				CLANG_WARN_BLOCK_CAPTURE_AUTORELEASING = YES;
				CLANG_WARN_BOOL_CONVERSION = YES;
				CLANG_WARN_COMMA = YES;
				CLANG_WARN_CONSTANT_CONVERSION = YES;
				CLANG_WARN_DEPRECATED_OBJC_IMPLEMENTATIONS = YES;
				CLANG_WARN_DIRECT_OBJC_ISA_USAGE = YES_ERROR;
				CLANG_WARN_DOCUMENTATION_COMMENTS = YES;
				CLANG_WARN_EMPTY_BODY = YES;
				CLANG_WARN_ENUM_CONVERSION = YES;
				CLANG_WARN_INFINITE_RECURSION = YES;
				CLANG_WARN_INT_CONVERSION = YES;
				CLANG_WARN_NON_LITERAL_NULL_CONVERSION = YES;
				CLANG_WARN_OBJC_IMPLICIT_RETAIN_SELF = YES;
				CLANG_WARN_OBJC_LITERAL_CONVERSION = YES;
				CLANG_WARN_OBJC_ROOT_CLASS = YES_ERROR;
				CLANG_WARN_QUOTED_INCLUDE_IN_FRAMEWORK_HEADER = YES;
				CLANG_WARN_RANGE_LOOP_ANALYSIS = YES;
				CLANG_WARN_STRICT_PROTOTYPES = YES;
				CLANG_WARN_SUSPICIOUS_MOVE = YES;
				CLANG_WARN_UNGUARDED_AVAILABILITY = YES_AGGRESSIVE;
				CLANG_WARN_UNREACHABLE_CODE = YES;
				CLANG_WARN__DUPLICATE_METHOD_MATCH = YES;
				COPY_PHASE_STRIP = NO;
				DEBUG_INFORMATION_FORMAT = dwarf;
				ENABLE_STRICT_OBJC_MSGSEND = YES;
				ENABLE_TESTABILITY = YES;
				ENABLE_USER_SCRIPT_SANDBOXING = YES;
				GCC_C_LANGUAGE_STANDARD = gnu17;
				GCC_DYNAMIC_NO_PIC = NO;
				GCC_NO_COMMON_BLOCKS = YES;
				GCC_OPTIMIZATION_LEVEL = 0;
				GCC_PREPROCESSOR_DEFINITIONS = (
					"DEBUG=1",
					"$(inherited)",
				);
				GCC_WARN_64_TO_32_BIT_CONVERSION = YES;
				GCC_WARN_ABOUT_RETURN_TYPE = YES_ERROR;
				GCC_WARN_UNDECLARED_SELECTOR = YES;
				GCC_WARN_UNINITIALIZED_AUTOS = YES_AGGRESSIVE;
				GCC_WARN_UNUSED_FUNCTION = YES;
				GCC_WARN_UNUSED_VARIABLE = YES;
				LOCALIZATION_PREFERS_STRING_CATALOGS = YES;
				MTL_ENABLE_DEBUG_INFO = INCLUDE_SOURCE;
				MTL_FAST_MATH = YES;
				ONLY_ACTIVE_ARCH = YES;
				SWIFT_ACTIVE_COMPILATION_CONDITIONS = "DEBUG $(inherited)";
				SWIFT_OPTIMIZATION_LEVEL = "-Onone";
			};
			name = Debug;
		};
		F7240E212C39BE1B002CFF9F /* Release */ = {
			isa = XCBuildConfiguration;
			buildSettings = {
				ALWAYS_SEARCH_USER_PATHS = NO;
				ASSETCATALOG_COMPILER_GENERATE_SWIFT_ASSET_SYMBOL_EXTENSIONS = YES;
				CLANG_ANALYZER_NONNULL = YES;
				CLANG_ANALYZER_NUMBER_OBJECT_CONVERSION = YES_AGGRESSIVE;
				CLANG_CXX_LANGUAGE_STANDARD = "gnu++20";
				CLANG_ENABLE_MODULES = YES;
				CLANG_ENABLE_OBJC_ARC = YES;
				CLANG_ENABLE_OBJC_WEAK = YES;
				CLANG_WARN_BLOCK_CAPTURE_AUTORELEASING = YES;
				CLANG_WARN_BOOL_CONVERSION = YES;
				CLANG_WARN_COMMA = YES;
				CLANG_WARN_CONSTANT_CONVERSION = YES;
				CLANG_WARN_DEPRECATED_OBJC_IMPLEMENTATIONS = YES;
				CLANG_WARN_DIRECT_OBJC_ISA_USAGE = YES_ERROR;
				CLANG_WARN_DOCUMENTATION_COMMENTS = YES;
				CLANG_WARN_EMPTY_BODY = YES;
				CLANG_WARN_ENUM_CONVERSION = YES;
				CLANG_WARN_INFINITE_RECURSION = YES;
				CLANG_WARN_INT_CONVERSION = YES;
				CLANG_WARN_NON_LITERAL_NULL_CONVERSION = YES;
				CLANG_WARN_OBJC_IMPLICIT_RETAIN_SELF = YES;
				CLANG_WARN_OBJC_LITERAL_CONVERSION = YES;
				CLANG_WARN_OBJC_ROOT_CLASS = YES_ERROR;
				CLANG_WARN_QUOTED_INCLUDE_IN_FRAMEWORK_HEADER = YES;
				CLANG_WARN_RANGE_LOOP_ANALYSIS = YES;
				CLANG_WARN_STRICT_PROTOTYPES = YES;
				CLANG_WARN_SUSPICIOUS_MOVE = YES;
				CLANG_WARN_UNGUARDED_AVAILABILITY = YES_AGGRESSIVE;
				CLANG_WARN_UNREACHABLE_CODE = YES;
				CLANG_WARN__DUPLICATE_METHOD_MATCH = YES;
				COPY_PHASE_STRIP = NO;
				DEBUG_INFORMATION_FORMAT = "dwarf-with-dsym";
				ENABLE_NS_ASSERTIONS = NO;
				ENABLE_STRICT_OBJC_MSGSEND = YES;
				ENABLE_USER_SCRIPT_SANDBOXING = YES;
				GCC_C_LANGUAGE_STANDARD = gnu17;
				GCC_NO_COMMON_BLOCKS = YES;
				GCC_WARN_64_TO_32_BIT_CONVERSION = YES;
				GCC_WARN_ABOUT_RETURN_TYPE = YES_ERROR;
				GCC_WARN_UNDECLARED_SELECTOR = YES;
				GCC_WARN_UNINITIALIZED_AUTOS = YES_AGGRESSIVE;
				GCC_WARN_UNUSED_FUNCTION = YES;
				GCC_WARN_UNUSED_VARIABLE = YES;
				LOCALIZATION_PREFERS_STRING_CATALOGS = YES;
				MTL_ENABLE_DEBUG_INFO = NO;
				MTL_FAST_MATH = YES;
				SWIFT_COMPILATION_MODE = wholemodule;
			};
			name = Release;
		};
		F7240E232C39BE1B002CFF9F /* Debug */ = {
			isa = XCBuildConfiguration;
			buildSettings = {
				ASSETCATALOG_COMPILER_APPICON_NAME = AppIcon;
				ASSETCATALOG_COMPILER_GLOBAL_ACCENT_COLOR_NAME = AccentColor;
				CODE_SIGN_ENTITLEMENTS = Sample/Sample.entitlements;
				CODE_SIGN_STYLE = Automatic;
				CURRENT_PROJECT_VERSION = 1;
				DEVELOPMENT_ASSET_PATHS = "\"Sample/Preview Content\"";
				DEVELOPMENT_TEAM = 7AA87AZ875;
				ENABLE_HARDENED_RUNTIME = YES;
				ENABLE_PREVIEWS = YES;
				GENERATE_INFOPLIST_FILE = YES;
				INFOPLIST_KEY_LSApplicationCategoryType = "public.app-category.developer-tools";
				"INFOPLIST_KEY_UIApplicationSceneManifest_Generation[sdk=iphoneos*]" = YES;
				"INFOPLIST_KEY_UIApplicationSceneManifest_Generation[sdk=iphonesimulator*]" = YES;
				"INFOPLIST_KEY_UIApplicationSupportsIndirectInputEvents[sdk=iphoneos*]" = YES;
				"INFOPLIST_KEY_UIApplicationSupportsIndirectInputEvents[sdk=iphonesimulator*]" = YES;
				"INFOPLIST_KEY_UILaunchScreen_Generation[sdk=iphoneos*]" = YES;
				"INFOPLIST_KEY_UILaunchScreen_Generation[sdk=iphonesimulator*]" = YES;
				"INFOPLIST_KEY_UIStatusBarStyle[sdk=iphoneos*]" = UIStatusBarStyleDefault;
				"INFOPLIST_KEY_UIStatusBarStyle[sdk=iphonesimulator*]" = UIStatusBarStyleDefault;
				INFOPLIST_KEY_UISupportedInterfaceOrientations_iPad = "UIInterfaceOrientationPortrait UIInterfaceOrientationPortraitUpsideDown UIInterfaceOrientationLandscapeLeft UIInterfaceOrientationLandscapeRight";
				INFOPLIST_KEY_UISupportedInterfaceOrientations_iPhone = "UIInterfaceOrientationPortrait UIInterfaceOrientationLandscapeLeft UIInterfaceOrientationLandscapeRight";
				IPHONEOS_DEPLOYMENT_TARGET = 18.0;
				LD_RUNPATH_SEARCH_PATHS = "@executable_path/Frameworks";
				"LD_RUNPATH_SEARCH_PATHS[sdk=macosx*]" = "@executable_path/../Frameworks";
				MACOSX_DEPLOYMENT_TARGET = 15.0;
				MARKETING_VERSION = 1.0;
				PRODUCT_BUNDLE_IDENTIFIER = "com.KCs-SwiftStorageSample.Sample";
				PRODUCT_NAME = "$(TARGET_NAME)";
				SDKROOT = auto;
				SUPPORTED_PLATFORMS = "appletvos appletvsimulator iphoneos iphonesimulator macosx xros xrsimulator";
				SUPPORTS_MACCATALYST = NO;
				SWIFT_EMIT_LOC_STRINGS = YES;
				SWIFT_VERSION = 6.0;
				TARGETED_DEVICE_FAMILY = "1,2,3,7";
				TVOS_DEPLOYMENT_TARGET = 18.0;
				XROS_DEPLOYMENT_TARGET = 2.0;
			};
			name = Debug;
		};
		F7240E242C39BE1B002CFF9F /* Release */ = {
			isa = XCBuildConfiguration;
			buildSettings = {
				ASSETCATALOG_COMPILER_APPICON_NAME = AppIcon;
				ASSETCATALOG_COMPILER_GLOBAL_ACCENT_COLOR_NAME = AccentColor;
				CODE_SIGN_ENTITLEMENTS = Sample/Sample.entitlements;
				CODE_SIGN_STYLE = Automatic;
				CURRENT_PROJECT_VERSION = 1;
				DEVELOPMENT_ASSET_PATHS = "\"Sample/Preview Content\"";
				DEVELOPMENT_TEAM = 7AA87AZ875;
				ENABLE_HARDENED_RUNTIME = YES;
				ENABLE_PREVIEWS = YES;
				GENERATE_INFOPLIST_FILE = YES;
				INFOPLIST_KEY_LSApplicationCategoryType = "public.app-category.developer-tools";
				"INFOPLIST_KEY_UIApplicationSceneManifest_Generation[sdk=iphoneos*]" = YES;
				"INFOPLIST_KEY_UIApplicationSceneManifest_Generation[sdk=iphonesimulator*]" = YES;
				"INFOPLIST_KEY_UIApplicationSupportsIndirectInputEvents[sdk=iphoneos*]" = YES;
				"INFOPLIST_KEY_UIApplicationSupportsIndirectInputEvents[sdk=iphonesimulator*]" = YES;
				"INFOPLIST_KEY_UILaunchScreen_Generation[sdk=iphoneos*]" = YES;
				"INFOPLIST_KEY_UILaunchScreen_Generation[sdk=iphonesimulator*]" = YES;
				"INFOPLIST_KEY_UIStatusBarStyle[sdk=iphoneos*]" = UIStatusBarStyleDefault;
				"INFOPLIST_KEY_UIStatusBarStyle[sdk=iphonesimulator*]" = UIStatusBarStyleDefault;
				INFOPLIST_KEY_UISupportedInterfaceOrientations_iPad = "UIInterfaceOrientationPortrait UIInterfaceOrientationPortraitUpsideDown UIInterfaceOrientationLandscapeLeft UIInterfaceOrientationLandscapeRight";
				INFOPLIST_KEY_UISupportedInterfaceOrientations_iPhone = "UIInterfaceOrientationPortrait UIInterfaceOrientationLandscapeLeft UIInterfaceOrientationLandscapeRight";
				IPHONEOS_DEPLOYMENT_TARGET = 18.0;
				LD_RUNPATH_SEARCH_PATHS = "@executable_path/Frameworks";
				"LD_RUNPATH_SEARCH_PATHS[sdk=macosx*]" = "@executable_path/../Frameworks";
				MACOSX_DEPLOYMENT_TARGET = 15.0;
				MARKETING_VERSION = 1.0;
				PRODUCT_BUNDLE_IDENTIFIER = "com.KCs-SwiftStorageSample.Sample";
				PRODUCT_NAME = "$(TARGET_NAME)";
				SDKROOT = auto;
				SUPPORTED_PLATFORMS = "appletvos appletvsimulator iphoneos iphonesimulator macosx xros xrsimulator";
				SUPPORTS_MACCATALYST = NO;
				SWIFT_EMIT_LOC_STRINGS = YES;
				SWIFT_VERSION = 6.0;
				TARGETED_DEVICE_FAMILY = "1,2,3,7";
				TVOS_DEPLOYMENT_TARGET = 18.0;
				XROS_DEPLOYMENT_TARGET = 2.0;
			};
			name = Release;
		};
		F79432FA2C3C589D00329C86 /* Debug */ = {
			isa = XCBuildConfiguration;
			buildSettings = {
				ASSETCATALOG_COMPILER_APPICON_NAME = AppIcon;
				ASSETCATALOG_COMPILER_GLOBAL_ACCENT_COLOR_NAME = AccentColor;
				CODE_SIGN_STYLE = Automatic;
				CURRENT_PROJECT_VERSION = 1;
				DEVELOPMENT_ASSET_PATHS = "\"Sample/Preview Content\"";
				DEVELOPMENT_TEAM = 7AA87AZ875;
				ENABLE_PREVIEWS = YES;
				GENERATE_INFOPLIST_FILE = YES;
				INFOPLIST_KEY_CFBundleDisplayName = "Sample for watchOS";
				INFOPLIST_KEY_UISupportedInterfaceOrientations = "UIInterfaceOrientationPortrait UIInterfaceOrientationPortraitUpsideDown";
				INFOPLIST_KEY_WKCompanionAppBundleIdentifier = "com.KCs-SwiftStorageSample.Sample";
				LD_RUNPATH_SEARCH_PATHS = (
					"$(inherited)",
					"@executable_path/Frameworks",
				);
				MARKETING_VERSION = 1.0;
				PRODUCT_BUNDLE_IDENTIFIER = "com.KCs-SwiftStorageSample.Sample.watchkitapp";
				PRODUCT_NAME = "$(TARGET_NAME)";
				SDKROOT = watchos;
				SKIP_INSTALL = YES;
				SWIFT_EMIT_LOC_STRINGS = YES;
				SWIFT_VERSION = 6.0;
				TARGETED_DEVICE_FAMILY = 4;
				WATCHOS_DEPLOYMENT_TARGET = 11.0;
			};
			name = Debug;
		};
		F79432FB2C3C589D00329C86 /* Release */ = {
			isa = XCBuildConfiguration;
			buildSettings = {
				ASSETCATALOG_COMPILER_APPICON_NAME = AppIcon;
				ASSETCATALOG_COMPILER_GLOBAL_ACCENT_COLOR_NAME = AccentColor;
				CODE_SIGN_STYLE = Automatic;
				CURRENT_PROJECT_VERSION = 1;
				DEVELOPMENT_ASSET_PATHS = "\"Sample/Preview Content\"";
				DEVELOPMENT_TEAM = 7AA87AZ875;
				ENABLE_PREVIEWS = YES;
				GENERATE_INFOPLIST_FILE = YES;
				INFOPLIST_KEY_CFBundleDisplayName = "Sample for watchOS";
				INFOPLIST_KEY_UISupportedInterfaceOrientations = "UIInterfaceOrientationPortrait UIInterfaceOrientationPortraitUpsideDown";
				INFOPLIST_KEY_WKCompanionAppBundleIdentifier = "com.KCs-SwiftStorageSample.Sample";
				LD_RUNPATH_SEARCH_PATHS = (
					"$(inherited)",
					"@executable_path/Frameworks",
				);
				MARKETING_VERSION = 1.0;
				PRODUCT_BUNDLE_IDENTIFIER = "com.KCs-SwiftStorageSample.Sample.watchkitapp";
				PRODUCT_NAME = "$(TARGET_NAME)";
				SDKROOT = watchos;
				SKIP_INSTALL = YES;
				SWIFT_EMIT_LOC_STRINGS = YES;
				SWIFT_VERSION = 6.0;
				TARGETED_DEVICE_FAMILY = 4;
				VALIDATE_PRODUCT = YES;
				WATCHOS_DEPLOYMENT_TARGET = 11.0;
			};
			name = Release;
		};
/* End XCBuildConfiguration section */

/* Begin XCConfigurationList section */
		F7240E0E2C39BE19002CFF9F /* Build configuration list for PBXProject "Sample" */ = {
			isa = XCConfigurationList;
			buildConfigurations = (
				F7240E202C39BE1B002CFF9F /* Debug */,
				F7240E212C39BE1B002CFF9F /* Release */,
			);
			defaultConfigurationIsVisible = 0;
			defaultConfigurationName = Release;
		};
		F7240E222C39BE1B002CFF9F /* Build configuration list for PBXNativeTarget "Sample" */ = {
			isa = XCConfigurationList;
			buildConfigurations = (
				F7240E232C39BE1B002CFF9F /* Debug */,
				F7240E242C39BE1B002CFF9F /* Release */,
			);
			defaultConfigurationIsVisible = 0;
			defaultConfigurationName = Release;
		};
		F79432F92C3C589D00329C86 /* Build configuration list for PBXNativeTarget "Sample for watchOS Watch App" */ = {
			isa = XCConfigurationList;
			buildConfigurations = (
				F79432FA2C3C589D00329C86 /* Debug */,
				F79432FB2C3C589D00329C86 /* Release */,
			);
			defaultConfigurationIsVisible = 0;
			defaultConfigurationName = Release;
		};
/* End XCConfigurationList section */

/* Begin XCSwiftPackageProductDependency section */
		F79433012C3C59FB00329C86 /* SwiftStorage */ = {
			isa = XCSwiftPackageProductDependency;
			productName = SwiftStorage;
		};
		F798E1372C39CA2C007B276B /* SwiftStorage */ = {
			isa = XCSwiftPackageProductDependency;
			productName = SwiftStorage;
		};
/* End XCSwiftPackageProductDependency section */
	};
	rootObject = F7240E0B2C39BE19002CFF9F /* Project object */;
}
